
Microsoft Visual Studio Solution File, Format Version 12.00
# Visual Studio Version 16
VisualStudioVersion = 16.0.29424.173
MinimumVisualStudioVersion = 10.0.40219.1
Project("{9A19103F-16F7-4668-BE54-9A1E7A4F7556}") = "TodoApi", "TodoApi.csproj", "{DE3DAD81-7714-408C-BD3B-2C98096D96AA}"
EndProject
Global
	GlobalSection(SolutionConfigurationPlatforms) = preSolution
		Debug|Any CPU = Debug|Any CPU
		Release|Any CPU = Release|Any CPU
	EndGlobalSection
	GlobalSection(ProjectConfigurationPlatforms) = postSolution
		{DE3DAD81-7714-408C-BD3B-2C98096D96AA}.Debug|Any CPU.ActiveCfg = Debug|Any CPU
		{DE3DAD81-7714-408C-BD3B-2C98096D96AA}.Debug|Any CPU.Build.0 = Debug|Any CPU
		{DE3DAD81-7714-408C-BD3B-2C98096D96AA}.Release|Any CPU.ActiveCfg = Release|Any CPU
		{DE3DAD81-7714-408C-BD3B-2C98096D96AA}.Release|Any CPU.Build.0 = Release|Any CPU
	EndGlobalSection
	GlobalSection(SolutionProperties) = preSolution
		HideSolutionNode = FALSE
	EndGlobalSection
	GlobalSection(ExtensibilityGlobals) = postSolution
		SolutionGuid = {8FA5856B-19B8-4A1B-A1F2-76637E1A58B1}
	EndGlobalSection
EndGlobal
